// !$*UTF8*$!
{
	archiveVersion = 1;
	classes = {
	};
	objectVersion = 50;
	objects = {

/* Begin PBXBuildFile section */
		5A77A95B2643CD2300326D00 /* AppDelegate.swift in Sources */ = {isa = PBXBuildFile; fileRef = 5A77A95A2643CD2300326D00 /* AppDelegate.swift */; };
		5A77A95D2643CD2300326D00 /* SceneDelegate.swift in Sources */ = {isa = PBXBuildFile; fileRef = 5A77A95C2643CD2300326D00 /* SceneDelegate.swift */; };
		5A77A95F2643CD2300326D00 /* ViewController.swift in Sources */ = {isa = PBXBuildFile; fileRef = 5A77A95E2643CD2300326D00 /* ViewController.swift */; };
		5A77A9622643CD2300326D00 /* Main.storyboard in Resources */ = {isa = PBXBuildFile; fileRef = 5A77A9602643CD2300326D00 /* Main.storyboard */; };
		5A77A9642643CD2600326D00 /* Assets.xcassets in Resources */ = {isa = PBXBuildFile; fileRef = 5A77A9632643CD2600326D00 /* Assets.xcassets */; };
		5A77A9672643CD2600326D00 /* LaunchScreen.storyboard in Resources */ = {isa = PBXBuildFile; fileRef = 5A77A9652643CD2600326D00 /* LaunchScreen.storyboard */; };
		5AA10C852643D69D00BD9834 /* ViewController.swift in Sources */ = {isa = PBXBuildFile; fileRef = 5A77A95E2643CD2300326D00 /* ViewController.swift */; };
		5AA10C862643D69D00BD9834 /* AppDelegate.swift in Sources */ = {isa = PBXBuildFile; fileRef = 5A77A95A2643CD2300326D00 /* AppDelegate.swift */; };
		5AA10C872643D69D00BD9834 /* SceneDelegate.swift in Sources */ = {isa = PBXBuildFile; fileRef = 5A77A95C2643CD2300326D00 /* SceneDelegate.swift */; };
		5AA10C8A2643D69D00BD9834 /* LaunchScreen.storyboard in Resources */ = {isa = PBXBuildFile; fileRef = 5A77A9652643CD2600326D00 /* LaunchScreen.storyboard */; };
		5AA10C8B2643D69D00BD9834 /* Assets.xcassets in Resources */ = {isa = PBXBuildFile; fileRef = 5A77A9632643CD2600326D00 /* Assets.xcassets */; };
		5AA10C8C2643D69D00BD9834 /* Main.storyboard in Resources */ = {isa = PBXBuildFile; fileRef = 5A77A9602643CD2300326D00 /* Main.storyboard */; };
		5AA10C972643D73800BD9834 /* ManagerOne.swift in Sources */ = {isa = PBXBuildFile; fileRef = 5AA10C962643D73800BD9834 /* ManagerOne.swift */; };
		5AA10C9B2643D74E00BD9834 /* ManagerTwo.swift in Sources */ = {isa = PBXBuildFile; fileRef = 5AA10C9A2643D74E00BD9834 /* ManagerTwo.swift */; };
		5AA10C9F2643D77700BD9834 /* CommonManager.swift in Sources */ = {isa = PBXBuildFile; fileRef = 5AA10C9E2643D77700BD9834 /* CommonManager.swift */; };
		5AA10CA02643D77700BD9834 /* CommonManager.swift in Sources */ = {isa = PBXBuildFile; fileRef = 5AA10C9E2643D77700BD9834 /* CommonManager.swift */; };
/* End PBXBuildFile section */

/* Begin PBXFileReference section */
		5A77A9572643CD2300326D00 /* MutilpleTargetsSample.app */ = {isa = PBXFileReference; explicitFileType = wrapper.application; includeInIndex = 0; path = MutilpleTargetsSample.app; sourceTree = BUILT_PRODUCTS_DIR; };
		5A77A95A2643CD2300326D00 /* AppDelegate.swift */ = {isa = PBXFileReference; lastKnownFileType = sourcecode.swift; path = AppDelegate.swift; sourceTree = "<group>"; };
		5A77A95C2643CD2300326D00 /* SceneDelegate.swift */ = {isa = PBXFileReference; lastKnownFileType = sourcecode.swift; path = SceneDelegate.swift; sourceTree = "<group>"; };
		5A77A95E2643CD2300326D00 /* ViewController.swift */ = {isa = PBXFileReference; lastKnownFileType = sourcecode.swift; path = ViewController.swift; sourceTree = "<group>"; };
		5A77A9612643CD2300326D00 /* Base */ = {isa = PBXFileReference; lastKnownFileType = file.storyboard; name = Base; path = Base.lproj/Main.storyboard; sourceTree = "<group>"; };
		5A77A9632643CD2600326D00 /* Assets.xcassets */ = {isa = PBXFileReference; lastKnownFileType = folder.assetcatalog; path = Assets.xcassets; sourceTree = "<group>"; };
		5A77A9662643CD2600326D00 /* Base */ = {isa = PBXFileReference; lastKnownFileType = file.storyboard; name = Base; path = Base.lproj/LaunchScreen.storyboard; sourceTree = "<group>"; };
		5A77A9682643CD2600326D00 /* Info.plist */ = {isa = PBXFileReference; lastKnownFileType = text.plist.xml; path = Info.plist; sourceTree = "<group>"; };
		5AA10C902643D69D00BD9834 /* MutilpleTargetsSample2.app */ = {isa = PBXFileReference; explicitFileType = wrapper.application; includeInIndex = 0; path = MutilpleTargetsSample2.app; sourceTree = BUILT_PRODUCTS_DIR; };
		5AA10C912643D69D00BD9834 /* MutilpleTargetsSample2-Info.plist */ = {isa = PBXFileReference; lastKnownFileType = text.plist.xml; name = "MutilpleTargetsSample2-Info.plist"; path = "/Users/viet.ta/Desktop/Samples/MutilpleTargetsSample/MutilpleTargetsSample2-Info.plist"; sourceTree = "<absolute>"; };
		5AA10C962643D73800BD9834 /* ManagerOne.swift */ = {isa = PBXFileReference; lastKnownFileType = sourcecode.swift; path = ManagerOne.swift; sourceTree = "<group>"; };
		5AA10C9A2643D74E00BD9834 /* ManagerTwo.swift */ = {isa = PBXFileReference; lastKnownFileType = sourcecode.swift; path = ManagerTwo.swift; sourceTree = "<group>"; };
		5AA10C9E2643D77700BD9834 /* CommonManager.swift */ = {isa = PBXFileReference; lastKnownFileType = sourcecode.swift; path = CommonManager.swift; sourceTree = "<group>"; };
/* End PBXFileReference section */

/* Begin PBXFrameworksBuildPhase section */
		5A77A9542643CD2300326D00 /* Frameworks */ = {
			isa = PBXFrameworksBuildPhase;
			buildActionMask = 2147483647;
			files = (
			);
			runOnlyForDeploymentPostprocessing = 0;
		};
		5AA10C882643D69D00BD9834 /* Frameworks */ = {
			isa = PBXFrameworksBuildPhase;
			buildActionMask = 2147483647;
			files = (
			);
			runOnlyForDeploymentPostprocessing = 0;
		};
/* End PBXFrameworksBuildPhase section */

/* Begin PBXGroup section */
		5A77A94E2643CD2300326D00 = {
			isa = PBXGroup;
			children = (
				5A77A9592643CD2300326D00 /* MutilpleTargetsSample */,
				5A77A9582643CD2300326D00 /* Products */,
			);
			sourceTree = "<group>";
		};
		5A77A9582643CD2300326D00 /* Products */ = {
			isa = PBXGroup;
			children = (
				5A77A9572643CD2300326D00 /* MutilpleTargetsSample.app */,
				5AA10C902643D69D00BD9834 /* MutilpleTargetsSample2.app */,
			);
			name = Products;
			sourceTree = "<group>";
		};
		5A77A9592643CD2300326D00 /* MutilpleTargetsSample */ = {
			isa = PBXGroup;
			children = (
				5A77A95A2643CD2300326D00 /* AppDelegate.swift */,
				5A77A95C2643CD2300326D00 /* SceneDelegate.swift */,
				5A77A95E2643CD2300326D00 /* ViewController.swift */,
				5A77A9602643CD2300326D00 /* Main.storyboard */,
				5A77A9632643CD2600326D00 /* Assets.xcassets */,
				5A77A9652643CD2600326D00 /* LaunchScreen.storyboard */,
				5A77A9682643CD2600326D00 /* Info.plist */,
				5AA10C962643D73800BD9834 /* ManagerOne.swift */,
				5AA10C9A2643D74E00BD9834 /* ManagerTwo.swift */,
				5AA10C9E2643D77700BD9834 /* CommonManager.swift */,
				5AA10C912643D69D00BD9834 /* MutilpleTargetsSample2-Info.plist */,
			);
			path = MutilpleTargetsSample;
			sourceTree = "<group>";
		};
/* End PBXGroup section */

/* Begin PBXNativeTarget section */
		5A77A9562643CD2300326D00 /* MutilpleTargetsSample */ = {
			isa = PBXNativeTarget;
			buildConfigurationList = 5A77A96B2643CD2600326D00 /* Build configuration list for PBXNativeTarget "MutilpleTargetsSample" */;
			buildPhases = (
				5A77A9532643CD2300326D00 /* Sources */,
				5A77A9542643CD2300326D00 /* Frameworks */,
				5A77A9552643CD2300326D00 /* Resources */,
			);
			buildRules = (
			);
			dependencies = (
			);
			name = MutilpleTargetsSample;
			productName = MutilpleTargetsSample;
			productReference = 5A77A9572643CD2300326D00 /* MutilpleTargetsSample.app */;
			productType = "com.apple.product-type.application";
		};
		5AA10C832643D69D00BD9834 /* MutilpleTargetsSample2 */ = {
			isa = PBXNativeTarget;
			buildConfigurationList = 5AA10C8D2643D69D00BD9834 /* Build configuration list for PBXNativeTarget "MutilpleTargetsSample2" */;
			buildPhases = (
				5AA10C842643D69D00BD9834 /* Sources */,
				5AA10C882643D69D00BD9834 /* Frameworks */,
				5AA10C892643D69D00BD9834 /* Resources */,
			);
			buildRules = (
			);
			dependencies = (
			);
			name = MutilpleTargetsSample2;
			productName = MutilpleTargetsSample;
			productReference = 5AA10C902643D69D00BD9834 /* MutilpleTargetsSample2.app */;
			productType = "com.apple.product-type.application";
		};
/* End PBXNativeTarget section */

/* Begin PBXProject section */
		5A77A94F2643CD2300326D00 /* Project object */ = {
			isa = PBXProject;
			attributes = {
				LastSwiftUpdateCheck = 1220;
				LastUpgradeCheck = 1220;
				TargetAttributes = {
					5A77A9562643CD2300326D00 = {
						CreatedOnToolsVersion = 12.2;
					};
				};
			};
			buildConfigurationList = 5A77A9522643CD2300326D00 /* Build configuration list for PBXProject "MutilpleTargetsSample" */;
			compatibilityVersion = "Xcode 9.3";
			developmentRegion = en;
			hasScannedForEncodings = 0;
			knownRegions = (
				en,
				Base,
			);
			mainGroup = 5A77A94E2643CD2300326D00;
			productRefGroup = 5A77A9582643CD2300326D00 /* Products */;
			projectDirPath = "";
			projectRoot = "";
			targets = (
				5A77A9562643CD2300326D00 /* MutilpleTargetsSample */,
				5AA10C832643D69D00BD9834 /* MutilpleTargetsSample2 */,
			);
		};
/* End PBXProject section */

/* Begin PBXResourcesBuildPhase section */
		5A77A9552643CD2300326D00 /* Resources */ = {
			isa = PBXResourcesBuildPhase;
			buildActionMask = 2147483647;
			files = (
				5A77A9672643CD2600326D00 /* LaunchScreen.storyboard in Resources */,
				5A77A9642643CD2600326D00 /* Assets.xcassets in Resources */,
				5A77A9622643CD2300326D00 /* Main.storyboard in Resources */,
			);
			runOnlyForDeploymentPostprocessing = 0;
		};
		5AA10C892643D69D00BD9834 /* Resources */ = {
			isa = PBXResourcesBuildPhase;
			buildActionMask = 2147483647;
			files = (
				5AA10C8A2643D69D00BD9834 /* LaunchScreen.storyboard in Resources */,
				5AA10C8B2643D69D00BD9834 /* Assets.xcassets in Resources */,
				5AA10C8C2643D69D00BD9834 /* Main.storyboard in Resources */,
			);
			runOnlyForDeploymentPostprocessing = 0;
		};
/* End PBXResourcesBuildPhase section */

/* Begin PBXSourcesBuildPhase section */
		5A77A9532643CD2300326D00 /* Sources */ = {
			isa = PBXSourcesBuildPhase;
			buildActionMask = 2147483647;
			files = (
				5AA10C972643D73800BD9834 /* ManagerOne.swift in Sources */,
				5A77A95F2643CD2300326D00 /* ViewController.swift in Sources */,
				5AA10C9F2643D77700BD9834 /* CommonManager.swift in Sources */,
				5A77A95B2643CD2300326D00 /* AppDelegate.swift in Sources */,
				5A77A95D2643CD2300326D00 /* SceneDelegate.swift in Sources */,
			);
			runOnlyForDeploymentPostprocessing = 0;
		};
		5AA10C842643D69D00BD9834 /* Sources */ = {
			isa = PBXSourcesBuildPhase;
			buildActionMask = 2147483647;
			files = (
				5AA10C9B2643D74E00BD9834 /* ManagerTwo.swift in Sources */,
				5AA10C852643D69D00BD9834 /* ViewController.swift in Sources */,
				5AA10CA02643D77700BD9834 /* CommonManager.swift in Sources */,
				5AA10C862643D69D00BD9834 /* AppDelegate.swift in Sources */,
				5AA10C872643D69D00BD9834 /* SceneDelegate.swift in Sources */,
			);
			runOnlyForDeploymentPostprocessing = 0;
		};
/* End PBXSourcesBuildPhase section */

/* Begin PBXVariantGroup section */
		5A77A9602643CD2300326D00 /* Main.storyboard */ = {
			isa = PBXVariantGroup;
			children = (
				5A77A9612643CD2300326D00 /* Base */,
			);
			name = Main.storyboard;
			sourceTree = "<group>";
		};
		5A77A9652643CD2600326D00 /* LaunchScreen.storyboard */ = {
			isa = PBXVariantGroup;
			children = (
				5A77A9662643CD2600326D00 /* Base */,
			);
			name = LaunchScreen.storyboard;
			sourceTree = "<group>";
		};
/* End PBXVariantGroup section */

/* Begin XCBuildConfiguration section */
		5A77A9692643CD2600326D00 /* Debug */ = {
			isa = XCBuildConfiguration;
			buildSettings = {
				ALWAYS_SEARCH_USER_PATHS = NO;
				CLANG_ANALYZER_NONNULL = YES;
				CLANG_ANALYZER_NUMBER_OBJECT_CONVERSION = YES_AGGRESSIVE;
				CLANG_CXX_LANGUAGE_STANDARD = "gnu++14";
				CLANG_CXX_LIBRARY = "libc++";
				CLANG_ENABLE_MODULES = YES;
				CLANG_ENABLE_OBJC_ARC = YES;
				CLANG_ENABLE_OBJC_WEAK = YES;
				CLANG_WARN_BLOCK_CAPTURE_AUTORELEASING = YES;
				CLANG_WARN_BOOL_CONVERSION = YES;
				CLANG_WARN_COMMA = YES;
				CLANG_WARN_CONSTANT_CONVERSION = YES;
				CLANG_WARN_DEPRECATED_OBJC_IMPLEMENTATIONS = YES;
				CLANG_WARN_DIRECT_OBJC_ISA_USAGE = YES_ERROR;
				CLANG_WARN_DOCUMENTATION_COMMENTS = YES;
				CLANG_WARN_EMPTY_BODY = YES;
				CLANG_WARN_ENUM_CONVERSION = YES;
				CLANG_WARN_INFINITE_RECURSION = YES;
				CLANG_WARN_INT_CONVERSION = YES;
				CLANG_WARN_NON_LITERAL_NULL_CONVERSION = YES;
				CLANG_WARN_OBJC_IMPLICIT_RETAIN_SELF = YES;
				CLANG_WARN_OBJC_LITERAL_CONVERSION = YES;
				CLANG_WARN_OBJC_ROOT_CLASS = YES_ERROR;
				CLANG_WARN_QUOTED_INCLUDE_IN_FRAMEWORK_HEADER = YES;
				CLANG_WARN_RANGE_LOOP_ANALYSIS = YES;
				CLANG_WARN_STRICT_PROTOTYPES = YES;
				CLANG_WARN_SUSPICIOUS_MOVE = YES;
				CLANG_WARN_UNGUARDED_AVAILABILITY = YES_AGGRESSIVE;
				CLANG_WARN_UNREACHABLE_CODE = YES;
				CLANG_WARN__DUPLICATE_METHOD_MATCH = YES;
				COPY_PHASE_STRIP = NO;
				DEBUG_INFORMATION_FORMAT = dwarf;
				ENABLE_STRICT_OBJC_MSGSEND = YES;
				ENABLE_TESTABILITY = YES;
				GCC_C_LANGUAGE_STANDARD = gnu11;
				GCC_DYNAMIC_NO_PIC = NO;
				GCC_NO_COMMON_BLOCKS = YES;
				GCC_OPTIMIZATION_LEVEL = 0;
				GCC_PREPROCESSOR_DEFINITIONS = (
					"DEBUG=1",
					"$(inherited)",
				);
				GCC_WARN_64_TO_32_BIT_CONVERSION = YES;
				GCC_WARN_ABOUT_RETURN_TYPE = YES_ERROR;
				GCC_WARN_UNDECLARED_SELECTOR = YES;
				GCC_WARN_UNINITIALIZED_AUTOS = YES_AGGRESSIVE;
				GCC_WARN_UNUSED_FUNCTION = YES;
				GCC_WARN_UNUSED_VARIABLE = YES;
				IPHONEOS_DEPLOYMENT_TARGET = 14.2;
				MTL_ENABLE_DEBUG_INFO = INCLUDE_SOURCE;
				MTL_FAST_MATH = YES;
				ONLY_ACTIVE_ARCH = YES;
				SDKROOT = iphoneos;
				SWIFT_ACTIVE_COMPILATION_CONDITIONS = DEBUG;
				SWIFT_OPTIMIZATION_LEVEL = "-Onone";
			};
			name = Debug;
		};
		5A77A96A2643CD2600326D00 /* Release */ = {
			isa = XCBuildConfiguration;
			buildSettings = {
				ALWAYS_SEARCH_USER_PATHS = NO;
				CLANG_ANALYZER_NONNULL = YES;
				CLANG_ANALYZER_NUMBER_OBJECT_CONVERSION = YES_AGGRESSIVE;
				CLANG_CXX_LANGUAGE_STANDARD = "gnu++14";
				CLANG_CXX_LIBRARY = "libc++";
				CLANG_ENABLE_MODULES = YES;
				CLANG_ENABLE_OBJC_ARC = YES;
				CLANG_ENABLE_OBJC_WEAK = YES;
				CLANG_WARN_BLOCK_CAPTURE_AUTORELEASING = YES;
				CLANG_WARN_BOOL_CONVERSION = YES;
				CLANG_WARN_COMMA = YES;
				CLANG_WARN_CONSTANT_CONVERSION = YES;
				CLANG_WARN_DEPRECATED_OBJC_IMPLEMENTATIONS = YES;
				CLANG_WARN_DIRECT_OBJC_ISA_USAGE = YES_ERROR;
				CLANG_WARN_DOCUMENTATION_COMMENTS = YES;
				CLANG_WARN_EMPTY_BODY = YES;
				CLANG_WARN_ENUM_CONVERSION = YES;
				CLANG_WARN_INFINITE_RECURSION = YES;
				CLANG_WARN_INT_CONVERSION = YES;
				CLANG_WARN_NON_LITERAL_NULL_CONVERSION = YES;
				CLANG_WARN_OBJC_IMPLICIT_RETAIN_SELF = YES;
				CLANG_WARN_OBJC_LITERAL_CONVERSION = YES;
				CLANG_WARN_OBJC_ROOT_CLASS = YES_ERROR;
				CLANG_WARN_QUOTED_INCLUDE_IN_FRAMEWORK_HEADER = YES;
				CLANG_WARN_RANGE_LOOP_ANALYSIS = YES;
				CLANG_WARN_STRICT_PROTOTYPES = YES;
				CLANG_WARN_SUSPICIOUS_MOVE = YES;
				CLANG_WARN_UNGUARDED_AVAILABILITY = YES_AGGRESSIVE;
				CLANG_WARN_UNREACHABLE_CODE = YES;
				CLANG_WARN__DUPLICATE_METHOD_MATCH = YES;
				COPY_PHASE_STRIP = NO;
				DEBUG_INFORMATION_FORMAT = "dwarf-with-dsym";
				ENABLE_NS_ASSERTIONS = NO;
				ENABLE_STRICT_OBJC_MSGSEND = YES;
				GCC_C_LANGUAGE_STANDARD = gnu11;
				GCC_NO_COMMON_BLOCKS = YES;
				GCC_WARN_64_TO_32_BIT_CONVERSION = YES;
				GCC_WARN_ABOUT_RETURN_TYPE = YES_ERROR;
				GCC_WARN_UNDECLARED_SELECTOR = YES;
				GCC_WARN_UNINITIALIZED_AUTOS = YES_AGGRESSIVE;
				GCC_WARN_UNUSED_FUNCTION = YES;
				GCC_WARN_UNUSED_VARIABLE = YES;
				IPHONEOS_DEPLOYMENT_TARGET = 14.2;
				MTL_ENABLE_DEBUG_INFO = NO;
				MTL_FAST_MATH = YES;
				SDKROOT = iphoneos;
				SWIFT_COMPILATION_MODE = wholemodule;
				SWIFT_OPTIMIZATION_LEVEL = "-O";
				VALIDATE_PRODUCT = YES;
			};
			name = Release;
		};
		5A77A96C2643CD2600326D00 /* Debug */ = {
			isa = XCBuildConfiguration;
			buildSettings = {
				ASSETCATALOG_COMPILER_APPICON_NAME = AppIcon;
				ASSETCATALOG_COMPILER_GLOBAL_ACCENT_COLOR_NAME = AccentColor;
				CODE_SIGN_STYLE = Automatic;
				DEVELOPMENT_TEAM = 5J4GVGN58B;
				INFOPLIST_FILE = MutilpleTargetsSample/Info.plist;
				LD_RUNPATH_SEARCH_PATHS = (
					"$(inherited)",
					"@executable_path/Frameworks",
				);
				PRODUCT_BUNDLE_IDENTIFIER = co.jp.vietta.MutilpleTargetsSample;
				PRODUCT_NAME = "$(TARGET_NAME)";
				SWIFT_VERSION = 5.0;
				TARGETED_DEVICE_FAMILY = "1,2";
			};
			name = Debug;
		};
		5A77A96D2643CD2600326D00 /* Release */ = {
			isa = XCBuildConfiguration;
			buildSettings = {
				ASSETCATALOG_COMPILER_APPICON_NAME = AppIcon;
				ASSETCATALOG_COMPILER_GLOBAL_ACCENT_COLOR_NAME = AccentColor;
				CODE_SIGN_STYLE = Automatic;
				DEVELOPMENT_TEAM = 5J4GVGN58B;
				INFOPLIST_FILE = MutilpleTargetsSample/Info.plist;
				LD_RUNPATH_SEARCH_PATHS = (
					"$(inherited)",
					"@executable_path/Frameworks",
				);
				PRODUCT_BUNDLE_IDENTIFIER = co.jp.vietta.MutilpleTargetsSample;
				PRODUCT_NAME = "$(TARGET_NAME)";
				SWIFT_VERSION = 5.0;
				TARGETED_DEVICE_FAMILY = "1,2";
			};
			name = Release;
		};
		5AA10C8E2643D69D00BD9834 /* Debug */ = {
			isa = XCBuildConfiguration;
			buildSettings = {
				ASSETCATALOG_COMPILER_APPICON_NAME = AppIcon;
				ASSETCATALOG_COMPILER_GLOBAL_ACCENT_COLOR_NAME = AccentColor;
				CODE_SIGN_STYLE = Automatic;
				DEVELOPMENT_TEAM = 5J4GVGN58B;
				INFOPLIST_FILE = "MutilpleTargetsSample2-Info.plist";
				LD_RUNPATH_SEARCH_PATHS = (
					"$(inherited)",
					"@executable_path/Frameworks",
				);
				PRODUCT_BUNDLE_IDENTIFIER = co.jp.vietta.MutilpleTargetsSample;
				PRODUCT_NAME = "$(TARGET_NAME)";
				SWIFT_VERSION = 5.0;
				TARGETED_DEVICE_FAMILY = "1,2";
			};
			name = Debug;
		};
		5AA10C8F2643D69D00BD9834 /* Release */ = {
			isa = XCBuildConfiguration;
			buildSettings = {
				ASSETCATALOG_COMPILER_APPICON_NAME = AppIcon;
				ASSETCATALOG_COMPILER_GLOBAL_ACCENT_COLOR_NAME = AccentColor;
				CODE_SIGN_STYLE = Automatic;
				DEVELOPMENT_TEAM = 5J4GVGN58B;
				INFOPLIST_FILE = "MutilpleTargetsSample2-Info.plist";
				LD_RUNPATH_SEARCH_PATHS = (
					"$(inherited)",
					"@executable_path/Frameworks",
				);
				PRODUCT_BUNDLE_IDENTIFIER = co.jp.vietta.MutilpleTargetsSample;
				PRODUCT_NAME = "$(TARGET_NAME)";
				SWIFT_VERSION = 5.0;
				TARGETED_DEVICE_FAMILY = "1,2";
			};
			name = Release;
		};
		5AA10CBE2643E2F100BD9834 /* Two */ = {
			isa = XCBuildConfiguration;
			buildSettings = {
				ALWAYS_SEARCH_USER_PATHS = NO;
				CLANG_ANALYZER_NONNULL = YES;
				CLANG_ANALYZER_NUMBER_OBJECT_CONVERSION = YES_AGGRESSIVE;
				CLANG_CXX_LANGUAGE_STANDARD = "gnu++14";
				CLANG_CXX_LIBRARY = "libc++";
				CLANG_ENABLE_MODULES = YES;
				CLANG_ENABLE_OBJC_ARC = YES;
				CLANG_ENABLE_OBJC_WEAK = YES;
				CLANG_WARN_BLOCK_CAPTURE_AUTORELEASING = YES;
				CLANG_WARN_BOOL_CONVERSION = YES;
				CLANG_WARN_COMMA = YES;
				CLANG_WARN_CONSTANT_CONVERSION = YES;
				CLANG_WARN_DEPRECATED_OBJC_IMPLEMENTATIONS = YES;
				CLANG_WARN_DIRECT_OBJC_ISA_USAGE = YES_ERROR;
				CLANG_WARN_DOCUMENTATION_COMMENTS = YES;
				CLANG_WARN_EMPTY_BODY = YES;
				CLANG_WARN_ENUM_CONVERSION = YES;
				CLANG_WARN_INFINITE_RECURSION = YES;
				CLANG_WARN_INT_CONVERSION = YES;
				CLANG_WARN_NON_LITERAL_NULL_CONVERSION = YES;
				CLANG_WARN_OBJC_IMPLICIT_RETAIN_SELF = YES;
				CLANG_WARN_OBJC_LITERAL_CONVERSION = YES;
				CLANG_WARN_OBJC_ROOT_CLASS = YES_ERROR;
				CLANG_WARN_QUOTED_INCLUDE_IN_FRAMEWORK_HEADER = YES;
				CLANG_WARN_RANGE_LOOP_ANALYSIS = YES;
				CLANG_WARN_STRICT_PROTOTYPES = YES;
				CLANG_WARN_SUSPICIOUS_MOVE = YES;
				CLANG_WARN_UNGUARDED_AVAILABILITY = YES_AGGRESSIVE;
				CLANG_WARN_UNREACHABLE_CODE = YES;
				CLANG_WARN__DUPLICATE_METHOD_MATCH = YES;
				COPY_PHASE_STRIP = NO;
				DEBUG_INFORMATION_FORMAT = dwarf;
				ENABLE_STRICT_OBJC_MSGSEND = YES;
				ENABLE_TESTABILITY = YES;
				GCC_C_LANGUAGE_STANDARD = gnu11;
				GCC_DYNAMIC_NO_PIC = NO;
				GCC_NO_COMMON_BLOCKS = YES;
				GCC_OPTIMIZATION_LEVEL = 0;
				GCC_PREPROCESSOR_DEFINITIONS = (
					"DEBUG=1",
					"$(inherited)",
				);
				GCC_WARN_64_TO_32_BIT_CONVERSION = YES;
				GCC_WARN_ABOUT_RETURN_TYPE = YES_ERROR;
				GCC_WARN_UNDECLARED_SELECTOR = YES;
				GCC_WARN_UNINITIALIZED_AUTOS = YES_AGGRESSIVE;
				GCC_WARN_UNUSED_FUNCTION = YES;
				GCC_WARN_UNUSED_VARIABLE = YES;
				IPHONEOS_DEPLOYMENT_TARGET = 14.2;
				MTL_ENABLE_DEBUG_INFO = INCLUDE_SOURCE;
				MTL_FAST_MATH = YES;
				ONLY_ACTIVE_ARCH = YES;
				SDKROOT = iphoneos;
				SWIFT_ACTIVE_COMPILATION_CONDITIONS = "DEBUG TWO";
				SWIFT_OPTIMIZATION_LEVEL = "-Onone";
			};
			name = Two;
		};
		5AA10CBF2643E2F100BD9834 /* Two */ = {
			isa = XCBuildConfiguration;
			buildSettings = {
				ASSETCATALOG_COMPILER_APPICON_NAME = AppIcon;
				ASSETCATALOG_COMPILER_GLOBAL_ACCENT_COLOR_NAME = AccentColor;
				CODE_SIGN_STYLE = Automatic;
				DEVELOPMENT_TEAM = 5J4GVGN58B;
				INFOPLIST_FILE = MutilpleTargetsSample/Info.plist;
				LD_RUNPATH_SEARCH_PATHS = (
					"$(inherited)",
					"@executable_path/Frameworks",
				);
				PRODUCT_BUNDLE_IDENTIFIER = co.jp.vietta.MutilpleTargetsSample;
				PRODUCT_NAME = "$(TARGET_NAME)";
				SWIFT_VERSION = 5.0;
				TARGETED_DEVICE_FAMILY = "1,2";
			};
			name = Two;
		};
		5AA10CC02643E2F100BD9834 /* Two */ = {
			isa = XCBuildConfiguration;
			buildSettings = {
				ASSETCATALOG_COMPILER_APPICON_NAME = AppIcon;
				ASSETCATALOG_COMPILER_GLOBAL_ACCENT_COLOR_NAME = AccentColor;
				CODE_SIGN_STYLE = Automatic;
				DEVELOPMENT_TEAM = 5J4GVGN58B;
				INFOPLIST_FILE = "MutilpleTargetsSample2-Info.plist";
				LD_RUNPATH_SEARCH_PATHS = (
					"$(inherited)",
					"@executable_path/Frameworks",
				);
				PRODUCT_BUNDLE_IDENTIFIER = co.jp.vietta.MutilpleTargetsSample;
				PRODUCT_NAME = "$(TARGET_NAME)";
				SWIFT_VERSION = 5.0;
				TARGETED_DEVICE_FAMILY = "1,2";
			};
			name = Two;
		};
		5AA10CC12643E30800BD9834 /* One */ = {
			isa = XCBuildConfiguration;
			buildSettings = {
				ALWAYS_SEARCH_USER_PATHS = NO;
				CLANG_ANALYZER_NONNULL = YES;
				CLANG_ANALYZER_NUMBER_OBJECT_CONVERSION = YES_AGGRESSIVE;
				CLANG_CXX_LANGUAGE_STANDARD = "gnu++14";
				CLANG_CXX_LIBRARY = "libc++";
				CLANG_ENABLE_MODULES = YES;
				CLANG_ENABLE_OBJC_ARC = YES;
				CLANG_ENABLE_OBJC_WEAK = YES;
				CLANG_WARN_BLOCK_CAPTURE_AUTORELEASING = YES;
				CLANG_WARN_BOOL_CONVERSION = YES;
				CLANG_WARN_COMMA = YES;
				CLANG_WARN_CONSTANT_CONVERSION = YES;
				CLANG_WARN_DEPRECATED_OBJC_IMPLEMENTATIONS = YES;
				CLANG_WARN_DIRECT_OBJC_ISA_USAGE = YES_ERROR;
				CLANG_WARN_DOCUMENTATION_COMMENTS = YES;
				CLANG_WARN_EMPTY_BODY = YES;
				CLANG_WARN_ENUM_CONVERSION = YES;
				CLANG_WARN_INFINITE_RECURSION = YES;
				CLANG_WARN_INT_CONVERSION = YES;
				CLANG_WARN_NON_LITERAL_NULL_CONVERSION = YES;
				CLANG_WARN_OBJC_IMPLICIT_RETAIN_SELF = YES;
				CLANG_WARN_OBJC_LITERAL_CONVERSION = YES;
				CLANG_WARN_OBJC_ROOT_CLASS = YES_ERROR;
				CLANG_WARN_QUOTED_INCLUDE_IN_FRAMEWORK_HEADER = YES;
				CLANG_WARN_RANGE_LOOP_ANALYSIS = YES;
				CLANG_WARN_STRICT_PROTOTYPES = YES;
				CLANG_WARN_SUSPICIOUS_MOVE = YES;
				CLANG_WARN_UNGUARDED_AVAILABILITY = YES_AGGRESSIVE;
				CLANG_WARN_UNREACHABLE_CODE = YES;
				CLANG_WARN__DUPLICATE_METHOD_MATCH = YES;
				COPY_PHASE_STRIP = NO;
				DEBUG_INFORMATION_FORMAT = dwarf;
				ENABLE_STRICT_OBJC_MSGSEND = YES;
				ENABLE_TESTABILITY = YES;
				GCC_C_LANGUAGE_STANDARD = gnu11;
				GCC_DYNAMIC_NO_PIC = NO;
				GCC_NO_COMMON_BLOCKS = YES;
				GCC_OPTIMIZATION_LEVEL = 0;
				GCC_PREPROCESSOR_DEFINITIONS = (
					"DEBUG=1",
					"$(inherited)",
				);
				GCC_WARN_64_TO_32_BIT_CONVERSION = YES;
				GCC_WARN_ABOUT_RETURN_TYPE = YES_ERROR;
				GCC_WARN_UNDECLARED_SELECTOR = YES;
				GCC_WARN_UNINITIALIZED_AUTOS = YES_AGGRESSIVE;
				GCC_WARN_UNUSED_FUNCTION = YES;
				GCC_WARN_UNUSED_VARIABLE = YES;
				IPHONEOS_DEPLOYMENT_TARGET = 14.2;
				MTL_ENABLE_DEBUG_INFO = INCLUDE_SOURCE;
				MTL_FAST_MATH = YES;
				ONLY_ACTIVE_ARCH = YES;
				SDKROOT = iphoneos;
				SWIFT_ACTIVE_COMPILATION_CONDITIONS = "DEBUG ONE";
				SWIFT_OPTIMIZATION_LEVEL = "-Onone";
			};
			name = One;
		};
		5AA10CC22643E30800BD9834 /* One */ = {
			isa = XCBuildConfiguration;
			buildSettings = {
				ASSETCATALOG_COMPILER_APPICON_NAME = AppIcon;
				ASSETCATALOG_COMPILER_GLOBAL_ACCENT_COLOR_NAME = AccentColor;
				CODE_SIGN_STYLE = Automatic;
				DEVELOPMENT_TEAM = 5J4GVGN58B;
				INFOPLIST_FILE = MutilpleTargetsSample/Info.plist;
				LD_RUNPATH_SEARCH_PATHS = (
					"$(inherited)",
					"@executable_path/Frameworks",
				);
				PRODUCT_BUNDLE_IDENTIFIER = co.jp.vietta.MutilpleTargetsSample;
				PRODUCT_NAME = "$(TARGET_NAME)";
				SWIFT_VERSION = 5.0;
				TARGETED_DEVICE_FAMILY = "1,2";
			};
			name = One;
		};
		5AA10CC32643E30800BD9834 /* One */ = {
			isa = XCBuildConfiguration;
			buildSettings = {
				ASSETCATALOG_COMPILER_APPICON_NAME = AppIcon;
				ASSETCATALOG_COMPILER_GLOBAL_ACCENT_COLOR_NAME = AccentColor;
				CODE_SIGN_STYLE = Automatic;
				DEVELOPMENT_TEAM = 5J4GVGN58B;
				INFOPLIST_FILE = "MutilpleTargetsSample2-Info.plist";
				LD_RUNPATH_SEARCH_PATHS = (
					"$(inherited)",
					"@executable_path/Frameworks",
				);
				PRODUCT_BUNDLE_IDENTIFIER = co.jp.vietta.MutilpleTargetsSample;
				PRODUCT_NAME = "$(TARGET_NAME)";
				SWIFT_VERSION = 5.0;
				TARGETED_DEVICE_FAMILY = "1,2";
			};
			name = One;
		};
/* End XCBuildConfiguration section */

/* Begin XCConfigurationList section */
		5A77A9522643CD2300326D00 /* Build configuration list for PBXProject "MutilpleTargetsSample" */ = {
			isa = XCConfigurationList;
			buildConfigurations = (
				5A77A9692643CD2600326D00 /* Debug */,
				5AA10CC12643E30800BD9834 /* One */,
				5AA10CBE2643E2F100BD9834 /* Two */,
				5A77A96A2643CD2600326D00 /* Release */,
			);
			defaultConfigurationIsVisible = 0;
			defaultConfigurationName = Release;
		};
		5A77A96B2643CD2600326D00 /* Build configuration list for PBXNativeTarget "MutilpleTargetsSample" */ = {
			isa = XCConfigurationList;
			buildConfigurations = (
				5A77A96C2643CD2600326D00 /* Debug */,
				5AA10CC22643E30800BD9834 /* One */,
				5AA10CBF2643E2F100BD9834 /* Two */,
				5A77A96D2643CD2600326D00 /* Release */,
			);
			defaultConfigurationIsVisible = 0;
			defaultConfigurationName = Release;
		};
		5AA10C8D2643D69D00BD9834 /* Build configuration list for PBXNativeTarget "MutilpleTargetsSample2" */ = {
			isa = XCConfigurationList;
			buildConfigurations = (
				5AA10C8E2643D69D00BD9834 /* Debug */,
				5AA10CC32643E30800BD9834 /* One */,
				5AA10CC02643E2F100BD9834 /* Two */,
				5AA10C8F2643D69D00BD9834 /* Release */,
			);
			defaultConfigurationIsVisible = 0;
			defaultConfigurationName = Release;
		};
/* End XCConfigurationList section */
	};
	rootObject = 5A77A94F2643CD2300326D00 /* Project object */;
}
